hash: 5c5233b5e442abd48eb9d6e4a08f3ec006e61d87f757fc8e459424e09c7184a5
updated: 2017-04-02T11:49:52.739591136+02:00
imports:
- name: github.com/btcsuite/btcd
  version: 4b348c1d33373d672edd83fc576892d0e46686d2
  subpackages:
  - chaincfg/chainhash
  - wire
- name: github.com/davecgh/go-spew
  version: 346938d642f2ec3594ed81d874461961cd0faa76
  subpackages:
  - spew
- name: github.com/golang/protobuf
  version: 2bba0603135d7d7f5cb73b2125beeda19c09f4ef
  subpackages:
  - jsonpb
  - proto
  - protoc-gen-go/descriptor
- name: github.com/gorilla/context
  version: 08b5f424b9271eedf6f9f0ce86cb9396ed337a42
- name: github.com/gorilla/mux
  version: 392c28fe23e1c45ddba891b0320b3b5df220beea
- name: github.com/grpc-ecosystem/grpc-gateway
  version: 18d159699f2e83fc5bb9ef2f79465ca3f3122676
  subpackages:
  - runtime
  - runtime/internal
  - utilities
- name: github.com/lightningnetwork/lnd
  version: 157145df65483202f805fe6912fbff8b419dade1
  subpackages:
  - lnrpc
- name: golang.org/x/crypto
  version: 3cb07270c9455e8ad27956a70891c962d121a228
  subpackages:
  - acme
  - acme/autocert
- name: golang.org/x/net
  version: ffcf1bedda3b04ebb15a168a59800a73d6dc0f4d
  subpackages:
  - context
  - context/ctxhttp
  - http2
  - http2/hpack
  - idna
  - internal/timeseries
  - lex/httplex
  - trace
- name: golang.org/x/text
  version: f4b4367115ec2de254587813edaa901bc1c723a8
  subpackages:
  - secure/bidirule
  - transform
  - unicode/bidi
  - unicode/norm
- name: google.golang.org/genproto
  version: de9f5e90fe9b278809363f08c2072d2f2a429de7
  subpackages:
  - googleapis/api/annotations
- name: google.golang.org/grpc
  version: cdee119ee21e61eef7093a41ba148fa83585e143
  subpackages:
  - codes
  - credentials
  - grpclog
  - internal
  - keepalive
  - metadata
  - naming
  - peer
  - stats
  - tap
  - transport
testImports: []
