hash: 29c6542310a11413d2aa90f038a082cd2f9bd96b62568d36b086fd89654cb090
updated: 2018-03-31T22:44:54.456642565+09:00
imports:
- name: github.com/boltdb/bolt
  version: 2f1ce7a837dcb8da3ec595b1dac9d0632f0f99e8
- name: github.com/btcsuite/golangcrypto
  version: 53f62d9b43e87a6c56975cf862af7edf33a8d0df
  subpackages:
  - nacl/secretbox
  - pbkdf2
  - poly1305
  - ripemd160
  - salsa20/salsa
  - scrypt
- name: github.com/davecgh/go-spew
  version: 346938d642f2ec3594ed81d874461961cd0faa76
  subpackages:
  - spew
- name: github.com/golang/crypto
  version: 3d37316aaa6bd9929127ac9a527abf408178ea7b
  subpackages:
  - acme/autocert
- name: github.com/golang/protobuf
  version: ab9f9a6dab164b7d1246e0e688b0ab7b94d8553e
  subpackages:
  - jsonpb
  - proto
  - protoc-gen-go/descriptor
  - ptypes/any
  - ptypes/struct
- name: github.com/gorilla/context
  version: 08b5f424b9271eedf6f9f0ce86cb9396ed337a42
- name: github.com/gorilla/mux
  version: 53c1911da2b537f792e7cafcb446b05ffe33b996
- name: github.com/grpc-ecosystem/grpc-gateway
  version: f2862b476edcef83412c7af8687c9cd8e4097c0f
  subpackages:
  - runtime
  - runtime/internal
  - utilities
- name: github.com/juju/loggo
  version: 8232ab8918d91c72af1a9fb94d3edbe31d88b790
- name: github.com/lightningnetwork/lnd
  version: 7abdd30a878efb3673ce4dfe0070570a6c9444c8
  subpackages:
  - lnrpc
  - macaroons
- name: github.com/roasbeef/btcd
  version: 9978b939c33973be19b932fa7b936079bb7ba38d
  subpackages:
  - btcec
  - chaincfg
  - chaincfg/chainhash
  - wire
- name: github.com/roasbeef/btcutil
  version: c3ff179366044979fb9856c2feb79bd4c2184c7a
  subpackages:
  - base58
  - bech32
  - bloom
  - coinset
  - hdkeychain
  - txsort
- name: github.com/roasbeef/btcwallet
  version: 4f4765c3e3baf4c7b40c311340a076ec83c5ef3a
  subpackages:
  - chain
  - internal/zero
  - snacl
  - waddrmgr
  - wallet
  - walletdb/bdb
- name: github.com/rogpeppe/fastuuid
  version: 6724a57986aff9bff1a1770e9347036def7c89f6
- name: golang.org/x/crypto
  version: 9419663f5a44be8b34ca85f08abc5fe1be11f8a3
  subpackages:
  - acme
  - curve25519
  - nacl/box
  - nacl/secretbox
  - poly1305
  - ripemd160
  - salsa20/salsa
- name: golang.org/x/net
  version: 66aacef3dd8a676686c7ae3716979581e8b03c47
  subpackages:
  - context
  - http2
  - http2/hpack
  - idna
  - internal/timeseries
  - lex/httplex
  - trace
- name: golang.org/x/sys
  version: ab9e364efd8b52800ff7ee48a9ffba4e0ed78dfb
  subpackages:
  - unix
- name: golang.org/x/text
  version: 18c65dde6afd36dbc39197ca72008895b8dfbfb6
  subpackages:
  - secure/bidirule
  - transform
  - unicode/bidi
  - unicode/norm
- name: google.golang.org/genproto
  version: ee236bd376b077c7a89f260c026c4735b195e459
  subpackages:
  - googleapis/api/annotations
  - googleapis/rpc/status
- name: google.golang.org/grpc
  version: b3ddf786825de56a4178401b7e174ee332173b66
  subpackages:
  - codes
  - connectivity
  - credentials
  - grpclb/grpc_lb_v1
  - grpclog
  - internal
  - keepalive
  - metadata
  - naming
  - peer
  - stats
  - status
  - tap
  - transport
- name: gopkg.in/errgo.v1
  version: 442357a80af5c6bf9b6d51ae791a39c3421004f3
- name: gopkg.in/macaroon-bakery.v2
  version: 94012773d2874a067572bd16d7d11ae02968b47b
  subpackages:
  - bakery
  - bakery/checkers
  - bakery/internal/macaroonpb
- name: gopkg.in/macaroon.v2
  version: bed2a428da6e56d950bed5b41fcbae3141e5b0d0
testImports: []
