# This file is autogenerated, do not edit; changes may be undone by the next 'dep ensure'.


[[projects]]
  digest = "1:0f98f59e9a2f4070d66f0c9c39561f68fcd1dc837b22a852d28d0003aebd1b1e"
  name = "github.com/boltdb/bolt"
  packages = ["."]
  pruneopts = "UT"
  revision = "2f1ce7a837dcb8da3ec595b1dac9d0632f0f99e8"
  version = "v1.3.1"

[[projects]]
  branch = "master"
  digest = "1:63067ea70d365ceb10bd42c9c1edf3b623cdf2ac01200f09a816c675761b120e"
  name = "github.com/btcsuite/golangcrypto"
  packages = [
    "nacl/secretbox",
    "pbkdf2",
    "poly1305",
    "ripemd160",
    "salsa20/salsa",
    "scrypt",
  ]
  pruneopts = "UT"
  revision = "53f62d9b43e87a6c56975cf862af7edf33a8d0df"

[[projects]]
  digest = "1:a2c1d0e43bd3baaa071d1b9ed72c27d78169b2b269f71c105ac4ba34b1be4a39"
  name = "github.com/davecgh/go-spew"
  packages = ["spew"]
  pruneopts = "UT"
  revision = "346938d642f2ec3594ed81d874461961cd0faa76"
  version = "v1.1.0"

[[projects]]
  digest = "1:49a6496280667bc6db4d1e495145193a5ef1fdf3646b4d83ccc59cb42ac89a22"
  name = "github.com/golang/crypto"
  packages = ["acme/autocert"]
  pruneopts = "UT"
  revision = "3d37316aaa6bd9929127ac9a527abf408178ea7b"

[[projects]]
  digest = "1:313f8c333651472f7df65710be0818a05e62c7c8374bf0c1f836aed8494db99b"
  name = "github.com/golang/protobuf"
  packages = [
    "jsonpb",
    "proto",
    "protoc-gen-go/descriptor",
    "ptypes/any",
    "ptypes/struct",
  ]
  pruneopts = "UT"
  revision = "ab9f9a6dab164b7d1246e0e688b0ab7b94d8553e"

[[projects]]
  digest = "1:c79fb010be38a59d657c48c6ba1d003a8aa651fa56b579d959d74573b7dff8e1"
  name = "github.com/gorilla/context"
  packages = ["."]
  pruneopts = "UT"
  revision = "08b5f424b9271eedf6f9f0ce86cb9396ed337a42"
  version = "v1.1.1"

[[projects]]
  digest = "1:88aa9e326e2bd6045a46e00a922954b3e1a9ac5787109f49ac85366df370e1e5"
  name = "github.com/gorilla/mux"
  packages = ["."]
  pruneopts = "UT"
  revision = "53c1911da2b537f792e7cafcb446b05ffe33b996"
  version = "v1.6.1"

[[projects]]
  digest = "1:983bdae4397d2a7c88316865e7de6b76bbedd8c33342004931829eba0975d9ed"
  name = "github.com/grpc-ecosystem/grpc-gateway"
  packages = [
    "runtime",
    "runtime/internal",
    "utilities",
  ]
  pruneopts = "UT"
  revision = "f2862b476edcef83412c7af8687c9cd8e4097c0f"

[[projects]]
  digest = "1:f685718d79bb28f07be20841b94e1673640c481a87123ab329ba1f7b29bf4fd0"
  name = "github.com/juju/loggo"
  packages = ["."]
  pruneopts = "UT"
  revision = "8232ab8918d91c72af1a9fb94d3edbe31d88b790"

[[projects]]
  digest = "1:992c810706ab0e672d6573815afee6b91edc2d6b9969c0cdb4454992eaa25606"
  name = "github.com/lightningnetwork/lnd"
  packages = [
    "lnrpc",
    "macaroons",
  ]
  pruneopts = "UT"
  revision = "7abdd30a878efb3673ce4dfe0070570a6c9444c8"

[[projects]]
  digest = "1:de9b49c4c524c47680f55cc152eb62e426f2af264614c7b90651a3fe496e28c2"
  name = "github.com/roasbeef/btcd"
  packages = [
    "btcec",
    "chaincfg",
    "chaincfg/chainhash",
    "wire",
  ]
  pruneopts = "UT"
  revision = "9978b939c33973be19b932fa7b936079bb7ba38d"

[[projects]]
  digest = "1:a3780cd4884824a3a274c6c7f967c097cfebb0b8af9eddf1441e9f5d3f30e468"
  name = "github.com/roasbeef/btcutil"
  packages = [
    ".",
    "base58",
    "bech32",
  ]
  pruneopts = "UT"
  revision = "c3ff179366044979fb9856c2feb79bd4c2184c7a"

[[projects]]
  digest = "1:6a660f6bb15df37c1e6200b496de8f09062d32112ef7dfd38089631bbf7a2a46"
  name = "github.com/roasbeef/btcwallet"
  packages = [
    "internal/zero",
    "snacl",
  ]
  pruneopts = "UT"
  revision = "4f4765c3e3baf4c7b40c311340a076ec83c5ef3a"

[[projects]]
  branch = "master"
  digest = "1:d673e95129a1107bfd04e093751a5e1267faabc27d218d824fb013f57ac08f55"
  name = "github.com/rogpeppe/fastuuid"
  packages = ["."]
  pruneopts = "UT"
  revision = "6724a57986aff9bff1a1770e9347036def7c89f6"

[[projects]]
  digest = "1:2d817b8cfdba647c4a0ff2fe542b5a993eb9fe562feb7655e24cb72210813e4c"
  name = "golang.org/x/crypto"
  packages = [
    "acme",
    "curve25519",
    "nacl/box",
    "nacl/secretbox",
    "poly1305",
    "ripemd160",
    "salsa20/salsa",
  ]
  pruneopts = "UT"
  revision = "9419663f5a44be8b34ca85f08abc5fe1be11f8a3"

[[projects]]
  digest = "1:b8a8f8eb0e7855e11cc3ba2b7aa2c05ac379eb1634c02f838738465a517ac0c7"
  name = "golang.org/x/net"
  packages = [
    "context",
    "http2",
    "http2/hpack",
    "idna",
    "internal/timeseries",
    "lex/httplex",
    "trace",
  ]
  pruneopts = "UT"
  revision = "66aacef3dd8a676686c7ae3716979581e8b03c47"

[[projects]]
  digest = "1:f700b685ca46c32649b1451658d2d4b4cf1ce80216709c9f2894a005f069d50a"
  name = "golang.org/x/sys"
  packages = ["unix"]
  pruneopts = "UT"
  revision = "ab9e364efd8b52800ff7ee48a9ffba4e0ed78dfb"

[[projects]]
  digest = "1:97337ef8cb438f9e3a99ea91a300e916ed9a96fbf3ad50f9a020d30ea9f8692f"
  name = "golang.org/x/text"
  packages = [
    "internal/gen",
    "internal/triegen",
    "internal/ucd",
    "secure/bidirule",
    "transform",
    "unicode/bidi",
    "unicode/cldr",
    "unicode/norm",
    "unicode/rangetable",
  ]
  pruneopts = "UT"
  revision = "18c65dde6afd36dbc39197ca72008895b8dfbfb6"

[[projects]]
  digest = "1:0efcfe82e59b828eb6f4115bba88ff45c0898c38e823fbe7f450bdffed9e739b"
  name = "google.golang.org/genproto"
  packages = [
    "googleapis/api/annotations",
    "googleapis/rpc/status",
  ]
  pruneopts = "UT"
  revision = "ee236bd376b077c7a89f260c026c4735b195e459"

[[projects]]
  digest = "1:8d9ccf0a790b530f94357a5d27e9c86fb53e862b6e0f9133c792269c0b567218"
  name = "google.golang.org/grpc"
  packages = [
    ".",
    "codes",
    "connectivity",
    "credentials",
    "grpclb/grpc_lb_v1",
    "grpclog",
    "internal",
    "keepalive",
    "metadata",
    "naming",
    "peer",
    "stats",
    "status",
    "tap",
    "transport",
  ]
  pruneopts = "UT"
  revision = "b3ddf786825de56a4178401b7e174ee332173b66"
  version = "v1.5.2"

[[projects]]
  digest = "1:c893bbc7ed1bb9c6f719409d09e85250503bbe1de60d8e16b2408855df595665"
  name = "gopkg.in/errgo.v1"
  packages = ["."]
  pruneopts = "UT"
  revision = "442357a80af5c6bf9b6d51ae791a39c3421004f3"

[[projects]]
  digest = "1:f75654fe9e7a52c9df4c13d3c362a02e9dd0ab5e1ef336212ae68964c05ff53f"
  name = "gopkg.in/macaroon-bakery.v2"
  packages = [
    "bakery",
    "bakery/checkers",
    "bakery/internal/macaroonpb",
  ]
  pruneopts = "UT"
  revision = "94012773d2874a067572bd16d7d11ae02968b47b"
  version = "v2.0.1"

[[projects]]
  digest = "1:0622939c131fd6ca6fc9dfb25adda2f195062975045baba7ad94607e6f3c52b7"
  name = "gopkg.in/macaroon.v2"
  packages = ["."]
  pruneopts = "UT"
  revision = "bed2a428da6e56d950bed5b41fcbae3141e5b0d0"
  version = "v2.0.0"

[solve-meta]
  analyzer-name = "dep"
  analyzer-version = 1
  input-imports = [
    "github.com/davecgh/go-spew/spew",
    "github.com/golang/crypto/acme/autocert",
    "github.com/gorilla/mux",
    "github.com/lightningnetwork/lnd/lnrpc",
    "github.com/lightningnetwork/lnd/macaroons",
    "github.com/roasbeef/btcd/chaincfg/chainhash",
    "github.com/roasbeef/btcd/wire",
    "github.com/roasbeef/btcutil",
    "google.golang.org/grpc",
    "google.golang.org/grpc/credentials",
    "gopkg.in/macaroon.v2",
  ]
  solver-name = "gps-cdcl"
  solver-version = 1
